
Microsoft Visual Studio Solution File, Format Version 12.00
# Visual Studio Version 16
VisualStudioVersion = 16.0.33214.272
MinimumVisualStudioVersion = 10.0.40219.1
Project("{FAE04EC0-301F-11D3-BF4B-00C04F79EFBC}") = "PracticalWork_2-7", "PracticalWork_2-7\PracticalWork_2-7.csproj", "{8334E40F-F327-4FD9-BD15-A80EF09CB365}"
EndProject
Global
	GlobalSection(SolutionConfigurationPlatforms) = preSolution
		Debug|Any CPU = Debug|Any CPU
		Release|Any CPU = Release|Any CPU
	EndGlobalSection
	GlobalSection(ProjectConfigurationPlatforms) = postSolution
		{8334E40F-F327-4FD9-BD15-A80EF09CB365}.Debug|Any CPU.ActiveCfg = Debug|Any CPU
		{8334E40F-F327-4FD9-BD15-A80EF09CB365}.Debug|Any CPU.Build.0 = Debug|Any CPU
		{8334E40F-F327-4FD9-BD15-A80EF09CB365}.Release|Any CPU.ActiveCfg = Release|Any CPU
		{8334E40F-F327-4FD9-BD15-A80EF09CB365}.Release|Any CPU.Build.0 = Release|Any CPU
	EndGlobalSection
	GlobalSection(SolutionProperties) = preSolution
		HideSolutionNode = FALSE
	EndGlobalSection
	GlobalSection(ExtensibilityGlobals) = postSolution
		SolutionGuid = {24BBC415-6B54-475E-A902-3D8B2FA6C061}
	EndGlobalSection
EndGlobal
